
Microsoft Visual Studio Solution File, Format Version 12.00
# Visual Studio Version 17
VisualStudioVersion = 17.11.35222.181
MinimumVisualStudioVersion = 10.0.40219.1
Project("{FAE04EC0-301F-11D3-BF4B-00C04F79EFBC}") = "Moviesapi", "Moviesapi\Moviesapi.csproj", "{6E6315DB-733C-49F5-8193-E7C981C653CF}"
EndProject
Global
	GlobalSection(SolutionConfigurationPlatforms) = preSolution
		Debug|Any CPU = Debug|Any CPU
		Release|Any CPU = Release|Any CPU
	EndGlobalSection
	GlobalSection(ProjectConfigurationPlatforms) = postSolution
		{6E6315DB-733C-49F5-8193-E7C981C653CF}.Debug|Any CPU.ActiveCfg = Debug|Any CPU
		{6E6315DB-733C-49F5-8193-E7C981C653CF}.Debug|Any CPU.Build.0 = Debug|Any CPU
		{6E6315DB-733C-49F5-8193-E7C981C653CF}.Release|Any CPU.ActiveCfg = Release|Any CPU
		{6E6315DB-733C-49F5-8193-E7C981C653CF}.Release|Any CPU.Build.0 = Release|Any CPU
	EndGlobalSection
	GlobalSection(SolutionProperties) = preSolution
		HideSolutionNode = FALSE
	EndGlobalSection
	GlobalSection(ExtensibilityGlobals) = postSolution
		SolutionGuid = {CD1698E5-D178-4EBF-B704-20322AEEB619}
	EndGlobalSection
EndGlobal
